{
  "name": "ProBindBench",
  "lockfileVersion": 2,
  "requires": true,
  "packages": {
    "": {
      "dependencies": {
        "3dmol": "^2.5.4"
      }
    },
    "node_modules/3dmol": {
      "version": "2.5.4",
      "resolved": "https://registry.npmjs.org/3dmol/-/3dmol-2.5.4.tgz",
      "integrity": "sha512-stbHw2c2T12bABmFyBrhJL4tufw+hUjvhmJthOxAxKVDwAtAZSI17Kue8VNxaHewf5oRydPo6W62BlWrbrNa6Q==",
      "dependencies": {
        "iobuffer": "^5.0.0",
        "netcdfjs": "^3.0.0",
        "pako": "^2.1.0",
        "upng-js": "^2.1.0"
      },
      "engines": {
        "node": ">=16.16.0",
        "npm": ">=8.11"
      }
    },
    "node_modules/iobuffer": {
      "version": "5.4.0",
      "resolved": "https://registry.npmjs.org/iobuffer/-/iobuffer-5.4.0.tgz",
      "integrity": "sha512-DRebOWuqDvxunfkNJAlc3IzWIPD5xVxwUNbHr7xKB8E6aLJxIPfNX3CoMJghcFjpv6RWQsrcJbghtEwSPoJqMA=="
    },
    "node_modules/netcdfjs": {
      "version": "3.0.0",
      "resolved": "https://registry.npmjs.org/netcdfjs/-/netcdfjs-3.0.0.tgz",
      "integrity": "sha512-LOvT8KkC308qtpUkcBPiCMBtii7ZQCN6LxcVheWgyUeZ6DQWcpSRFV9dcVXLj/2eHZ/bre9tV5HTH4Sf93vrFw==",
      "dependencies": {
        "iobuffer": "^5.3.2"
      }
    },
    "node_modules/pako": {
      "version": "2.1.0",
      "resolved": "https://registry.npmjs.org/pako/-/pako-2.1.0.tgz",
      "integrity": "sha512-w+eufiZ1WuJYgPXbV/PO3NCMEc3xqylkKHzp8bxp1uW4qaSNQUkwmLLEc3kKsfz8lpV1F8Ht3U1Cm+9Srog2ug=="
    },
    "node_modules/upng-js": {
      "version": "2.1.0",
      "resolved": "https://registry.npmjs.org/upng-js/-/upng-js-2.1.0.tgz",
      "integrity": "sha512-d3xzZzpMP64YkjP5pr8gNyvBt7dLk/uGI67EctzDuVp4lCZyVMo0aJO6l/VDlgbInJYDY6cnClLoBp29eKWI6g==",
      "dependencies": {
        "pako": "^1.0.5"
      }
    },
    "node_modules/upng-js/node_modules/pako": {
      "version": "1.0.11",
      "resolved": "https://registry.npmjs.org/pako/-/pako-1.0.11.tgz",
      "integrity": "sha512-4hLB8Py4zZce5s4yd9XzopqwVv/yGNhV1Bl8NTmCq1763HeK2+EwVTv+leGeL13Dnh2wfbqowVPXCIO0z4taYw=="
    }
  },
  "dependencies": {
    "3dmol": {
      "version": "2.5.4",
      "resolved": "https://registry.npmjs.org/3dmol/-/3dmol-2.5.4.tgz",
      "integrity": "sha512-stbHw2c2T12bABmFyBrhJL4tufw+hUjvhmJthOxAxKVDwAtAZSI17Kue8VNxaHewf5oRydPo6W62BlWrbrNa6Q==",
      "requires": {
        "iobuffer": "^5.0.0",
        "netcdfjs": "^3.0.0",
        "pako": "^2.1.0",
        "upng-js": "^2.1.0"
      }
    },
    "iobuffer": {
      "version": "5.4.0",
      "resolved": "https://registry.npmjs.org/iobuffer/-/iobuffer-5.4.0.tgz",
      "integrity": "sha512-DRebOWuqDvxunfkNJAlc3IzWIPD5xVxwUNbHr7xKB8E6aLJxIPfNX3CoMJghcFjpv6RWQsrcJbghtEwSPoJqMA=="
    },
    "netcdfjs": {
      "version": "3.0.0",
      "resolved": "https://registry.npmjs.org/netcdfjs/-/netcdfjs-3.0.0.tgz",
      "integrity": "sha512-LOvT8KkC308qtpUkcBPiCMBtii7ZQCN6LxcVheWgyUeZ6DQWcpSRFV9dcVXLj/2eHZ/bre9tV5HTH4Sf93vrFw==",
      "requires": {
        "iobuffer": "^5.3.2"
      }
    },
    "pako": {
      "version": "2.1.0",
      "resolved": "https://registry.npmjs.org/pako/-/pako-2.1.0.tgz",
      "integrity": "sha512-w+eufiZ1WuJYgPXbV/PO3NCMEc3xqylkKHzp8bxp1uW4qaSNQUkwmLLEc3kKsfz8lpV1F8Ht3U1Cm+9Srog2ug=="
    },
    "upng-js": {
      "version": "2.1.0",
      "resolved": "https://registry.npmjs.org/upng-js/-/upng-js-2.1.0.tgz",
      "integrity": "sha512-d3xzZzpMP64YkjP5pr8gNyvBt7dLk/uGI67EctzDuVp4lCZyVMo0aJO6l/VDlgbInJYDY6cnClLoBp29eKWI6g==",
      "requires": {
        "pako": "^1.0.5"
      },
      "dependencies": {
        "pako": {
          "version": "1.0.11",
          "resolved": "https://registry.npmjs.org/pako/-/pako-1.0.11.tgz",
          "integrity": "sha512-4hLB8Py4zZce5s4yd9XzopqwVv/yGNhV1Bl8NTmCq1763HeK2+EwVTv+leGeL13Dnh2wfbqowVPXCIO0z4taYw=="
        }
      }
    }
  }
}
